
Microsoft Visual Studio Solution File, Format Version 12.00
# Visual Studio 15
VisualStudioVersion = 15.0.27428.2015
MinimumVisualStudioVersion = 10.0.40219.1
Project("{FAE04EC0-301F-11D3-BF4B-00C04F79EFBC}") = "ConfiguringApps", "ConfiguringApps\ConfiguringApps.csproj", "{6632549F-3612-44B0-9026-7CB3B12EBD8B}"
EndProject
Global
	GlobalSection(SolutionConfigurationPlatforms) = preSolution
		Debug|Any CPU = Debug|Any CPU
		Release|Any CPU = Release|Any CPU
	EndGlobalSection
	GlobalSection(ProjectConfigurationPlatforms) = postSolution
		{6632549F-3612-44B0-9026-7CB3B12EBD8B}.Debug|Any CPU.ActiveCfg = Debug|Any CPU
		{6632549F-3612-44B0-9026-7CB3B12EBD8B}.Debug|Any CPU.Build.0 = Debug|Any CPU
		{6632549F-3612-44B0-9026-7CB3B12EBD8B}.Release|Any CPU.ActiveCfg = Release|Any CPU
		{6632549F-3612-44B0-9026-7CB3B12EBD8B}.Release|Any CPU.Build.0 = Release|Any CPU
	EndGlobalSection
	GlobalSection(SolutionProperties) = preSolution
		HideSolutionNode = FALSE
	EndGlobalSection
	GlobalSection(ExtensibilityGlobals) = postSolution
		SolutionGuid = {BFE6E22D-573D-44C0-859E-E1CA266E83A8}
	EndGlobalSection
EndGlobal
